
Microsoft Visual Studio Solution File, Format Version 12.00
# Visual Studio Version 17
VisualStudioVersion = 17.4.33403.182
MinimumVisualStudioVersion = 10.0.40219.1
Project("{9A19103F-16F7-4668-BE54-9A1E7A4F7556}") = "ContosoCrafts.Website", "ContosoCrafts.Website\ContosoCrafts.Website.csproj", "{9DB871DE-4622-4B24-9B7B-EB722E186E15}"
EndProject
Global
	GlobalSection(SolutionConfigurationPlatforms) = preSolution
		Debug|Any CPU = Debug|Any CPU
		Release|Any CPU = Release|Any CPU
	EndGlobalSection
	GlobalSection(ProjectConfigurationPlatforms) = postSolution
		{9DB871DE-4622-4B24-9B7B-EB722E186E15}.Debug|Any CPU.ActiveCfg = Debug|Any CPU
		{9DB871DE-4622-4B24-9B7B-EB722E186E15}.Debug|Any CPU.Build.0 = Debug|Any CPU
		{9DB871DE-4622-4B24-9B7B-EB722E186E15}.Release|Any CPU.ActiveCfg = Release|Any CPU
		{9DB871DE-4622-4B24-9B7B-EB722E186E15}.Release|Any CPU.Build.0 = Release|Any CPU
	EndGlobalSection
	GlobalSection(SolutionProperties) = preSolution
		HideSolutionNode = FALSE
	EndGlobalSection
	GlobalSection(ExtensibilityGlobals) = postSolution
		SolutionGuid = {E942292D-C0C8-4A29-8758-8857B519F6AA}
	EndGlobalSection
EndGlobal
